
Microsoft Visual Studio Solution File, Format Version 11.00
# Visual C++ Express 2010
Project("{8BC9CEB8-8B4A-11D0-8D11-00A0C91BC942}") = "IGraphics", "IGraphics\IGraphics.vcxproj", "{31CAA909-3D22-4FA6-A858-A5A0E3D72FCF}"
EndProject
Global
	GlobalSection(SolutionConfigurationPlatforms) = preSolution
		Debug|Win32 = Debug|Win32
		Release|Win32 = Release|Win32
	EndGlobalSection
	GlobalSection(ProjectConfigurationPlatforms) = postSolution
		{31CAA909-3D22-4FA6-A858-A5A0E3D72FCF}.Debug|Win32.ActiveCfg = Debug|Win32
		{31CAA909-3D22-4FA6-A858-A5A0E3D72FCF}.Debug|Win32.Build.0 = Debug|Win32
		{31CAA909-3D22-4FA6-A858-A5A0E3D72FCF}.Release|Win32.ActiveCfg = Release|Win32
		{31CAA909-3D22-4FA6-A858-A5A0E3D72FCF}.Release|Win32.Build.0 = Release|Win32
	EndGlobalSection
	GlobalSection(SolutionProperties) = preSolution
		HideSolutionNode = FALSE
	EndGlobalSection
EndGlobal
